# This file is generated by running "yarn install" inside your project.
# Manual changes might be lost - proceed with caution!

__metadata:
  version: 6
  cacheKey: 8

"@cspotcode/source-map-consumer@npm:0.8.0":
  version: 0.8.0
  resolution: "@cspotcode/source-map-consumer@npm:0.8.0"
  checksum: c0c16ca3d2f58898f1bd74c4f41a189dbcc202e642e60e489cbcc2e52419c4e89bdead02c886a12fb13ea37798ede9e562b2321df997ebc210ae9bd881561b4e
  languageName: node
  linkType: hard

"@cspotcode/source-map-support@npm:0.7.0":
  version: 0.7.0
  resolution: "@cspotcode/source-map-support@npm:0.7.0"
  dependencies:
    "@cspotcode/source-map-consumer": 0.8.0
  checksum: 9faddda7757cd778b5fd6812137b2cc265810043680d6399acc20441668fafcdc874053be9dccd0d9110087287bfad27eb3bf342f72bceca9aa9059f5d0c4be8
  languageName: node
  linkType: hard

"@socket.io/base64-arraybuffer@npm:~1.0.2":
  version: 1.0.2
  resolution: "@socket.io/base64-arraybuffer@npm:1.0.2"
  checksum: fa3e58c7581643d0557969cd3bece20e198596df77968ff29ede6be329d488e65104bef900e68a67f39d8855abfa59baa2b08d96fb856504bd01cbdd8f52249c
  languageName: node
  linkType: hard

"@tsconfig/node10@npm:^1.0.7":
  version: 1.0.8
  resolution: "@tsconfig/node10@npm:1.0.8"
  checksum: b8d5fffbc6b17ef64ef74f7fdbccee02a809a063ade785c3648dae59406bc207f70ea2c4296f92749b33019fa36a5ae716e42e49cc7f1bbf0fd147be0d6b970a
  languageName: node
  linkType: hard

"@tsconfig/node12@npm:^1.0.7":
  version: 1.0.9
  resolution: "@tsconfig/node12@npm:1.0.9"
  checksum: a01b2400ab3582b86b589c6d31dcd0c0656f333adecde85d6d7d4086adb059808b82692380bb169546d189bf771ae21d02544a75b57bd6da4a5dd95f8567bec9
  languageName: node
  linkType: hard

"@tsconfig/node14@npm:^1.0.0, @tsconfig/node14@npm:^1.0.1":
  version: 1.0.1
  resolution: "@tsconfig/node14@npm:1.0.1"
  checksum: 976345e896c0f059867f94f8d0f6ddb8b1844fb62bf36b727de8a9a68f024857e5db97ed51d3325e23e0616a5e48c034ff51a8d595b3fe7e955f3587540489be
  languageName: node
  linkType: hard

"@tsconfig/node16@npm:^1.0.2":
  version: 1.0.2
  resolution: "@tsconfig/node16@npm:1.0.2"
  checksum: ca94d3639714672bbfd55f03521d3f56bb6a25479bd425da81faf21f13e1e9d15f40f97377dedbbf477a5841c5b0c8f4cd1b391f33553d750b9202c54c2c07aa
  languageName: node
  linkType: hard

"@types/component-emitter@npm:^1.2.10":
  version: 1.2.11
  resolution: "@types/component-emitter@npm:1.2.11"
  checksum: 0e081c5f7a4b113af3732f67ad9ebb487d5c239d440d96938ff9a679d18bb9337a513638e12b5b02a7a921494eef18c5a4d78f1188bc43a12290edd74c42a9c7
  languageName: node
  linkType: hard

"@types/cookie@npm:^0.4.1":
  version: 0.4.1
  resolution: "@types/cookie@npm:0.4.1"
  checksum: 3275534ed69a76c68eb1a77d547d75f99fedc80befb75a3d1d03662fb08d697e6f8b1274e12af1a74c6896071b11510631ba891f64d30c78528d0ec45a9c1a18
  languageName: node
  linkType: hard

"@types/cors@npm:^2.8.12":
  version: 2.8.12
  resolution: "@types/cors@npm:2.8.12"
  checksum: 8c45f112c7d1d2d831b4b266f2e6ed33a1887a35dcbfe2a18b28370751fababb7cd045e745ef84a523c33a25932678097bf79afaa367c6cb3fa0daa7a6438257
  languageName: node
  linkType: hard

"@types/node@npm:>=10.0.0, @types/node@npm:^17.0.24":
  version: 17.0.24
  resolution: "@types/node@npm:17.0.24"
  checksum: 9e7c4f863601b2430b4c2429a89935f22eba692956f5013c90a4c7fb0e1401ed8add8c4307453c5d6b8b985384500f8c3f644427ab88632640cc396159af479a
  languageName: node
  linkType: hard

"accepts@npm:~1.3.4":
  version: 1.3.8
  resolution: "accepts@npm:1.3.8"
  dependencies:
    mime-types: ~2.1.34
    negotiator: 0.6.3
  checksum: 50c43d32e7b50285ebe84b613ee4a3aa426715a7d131b65b786e2ead0fd76b6b60091b9916d3478a75f11f162628a2139991b6c03ab3f1d9ab7c86075dc8eab4
  languageName: node
  linkType: hard

"acorn-walk@npm:^8.1.1":
  version: 8.2.0
  resolution: "acorn-walk@npm:8.2.0"
  checksum: 1715e76c01dd7b2d4ca472f9c58968516a4899378a63ad5b6c2d668bba8da21a71976c14ec5f5b75f887b6317c4ae0b897ab141c831d741dc76024d8745f1ad1
  languageName: node
  linkType: hard

"acorn@npm:^8.4.1":
  version: 8.7.0
  resolution: "acorn@npm:8.7.0"
  bin:
    acorn: bin/acorn
  checksum: e0f79409d68923fbf1aa6d4166f3eedc47955320d25c89a20cc822e6ba7c48c5963d5bc657bc242d68f7a4ac9faf96eef033e8f73656da6c640d4219935fdfd0
  languageName: node
  linkType: hard

"arg@npm:^4.1.0":
  version: 4.1.3
  resolution: "arg@npm:4.1.3"
  checksum: 544af8dd3f60546d3e4aff084d451b96961d2267d668670199692f8d054f0415d86fc5497d0e641e91546f0aa920e7c29e5250e99fc89f5552a34b5d93b77f43
  languageName: node
  linkType: hard

"base64id@npm:2.0.0, base64id@npm:~2.0.0":
  version: 2.0.0
  resolution: "base64id@npm:2.0.0"
  checksum: 581b1d37e6cf3738b7ccdd4d14fe2bfc5c238e696e2720ee6c44c183b838655842e22034e53ffd783f872a539915c51b0d4728a49c7cc678ac5a758e00d62168
  languageName: node
  linkType: hard

"component-emitter@npm:~1.3.0":
  version: 1.3.0
  resolution: "component-emitter@npm:1.3.0"
  checksum: b3c46de38ffd35c57d1c02488355be9f218e582aec72d72d1b8bbec95a3ac1b38c96cd6e03ff015577e68f550fbb361a3bfdbd9bb248be9390b7b3745691be6b
  languageName: node
  linkType: hard

"cookie@npm:~0.4.1":
  version: 0.4.2
  resolution: "cookie@npm:0.4.2"
  checksum: a00833c998bedf8e787b4c342defe5fa419abd96b32f4464f718b91022586b8f1bafbddd499288e75c037642493c83083da426c6a9080d309e3bd90fd11baa9b
  languageName: node
  linkType: hard

"cors@npm:~2.8.5":
  version: 2.8.5
  resolution: "cors@npm:2.8.5"
  dependencies:
    object-assign: ^4
    vary: ^1
  checksum: ced838404ccd184f61ab4fdc5847035b681c90db7ac17e428f3d81d69e2989d2b680cc254da0e2554f5ed4f8a341820a1ce3d1c16b499f6e2f47a1b9b07b5006
  languageName: node
  linkType: hard

"create-require@npm:^1.1.0":
  version: 1.1.1
  resolution: "create-require@npm:1.1.1"
  checksum: a9a1503d4390d8b59ad86f4607de7870b39cad43d929813599a23714831e81c520bddf61bcdd1f8e30f05fd3a2b71ae8538e946eb2786dc65c2bbc520f692eff
  languageName: node
  linkType: hard

"debug@npm:~4.3.1, debug@npm:~4.3.2":
  version: 4.3.4
  resolution: "debug@npm:4.3.4"
  dependencies:
    ms: 2.1.2
  peerDependenciesMeta:
    supports-color:
      optional: true
  checksum: 3dbad3f94ea64f34431a9cbf0bafb61853eda57bff2880036153438f50fb5a84f27683ba0d8e5426bf41a8c6ff03879488120cf5b3a761e77953169c0600a708
  languageName: node
  linkType: hard

"diff@npm:^4.0.1":
  version: 4.0.2
  resolution: "diff@npm:4.0.2"
  checksum: f2c09b0ce4e6b301c221addd83bf3f454c0bc00caa3dd837cf6c127d6edf7223aa2bbe3b688feea110b7f262adbfc845b757c44c8a9f8c0c5b15d8fa9ce9d20d
  languageName: node
  linkType: hard

"engine.io-parser@npm:~5.0.3":
  version: 5.0.3
  resolution: "engine.io-parser@npm:5.0.3"
  dependencies:
    "@socket.io/base64-arraybuffer": ~1.0.2
  checksum: 88d664420a441dd02db17d110f7bbbd9efe971747918150bf666b82ee138df596a2f5038f461c8a01864c83af67cb202548364e4174543f8c0bf5f4776ca6e0d
  languageName: node
  linkType: hard

"engine.io@npm:~6.1.0":
  version: 6.1.3
  resolution: "engine.io@npm:6.1.3"
  dependencies:
    "@types/cookie": ^0.4.1
    "@types/cors": ^2.8.12
    "@types/node": ">=10.0.0"
    accepts: ~1.3.4
    base64id: 2.0.0
    cookie: ~0.4.1
    cors: ~2.8.5
    debug: ~4.3.1
    engine.io-parser: ~5.0.3
    ws: ~8.2.3
  checksum: 7c0ddb6a63806cea2277028b49e39c30d7e968c69f53bfbb89466d808079d43aa9b037f0d3c10436ff1f87f31a801ec7d10a2fdba61f86f13c6bea4d035fe2a5
  languageName: node
  linkType: hard

"keypress@npm:^0.2.1":
  version: 0.2.1
  resolution: "keypress@npm:0.2.1"
  checksum: 8f643113fc64d4ab873c98e6b6da54de511c0b32ecefcaa4315b7466dde6c94cba0b9231421655c71b1878c7bc7c932eb75c19d0d67b6af15677778f37cd3e9e
  languageName: node
  linkType: hard

"make-error@npm:^1.1.1":
  version: 1.3.6
  resolution: "make-error@npm:1.3.6"
  checksum: b86e5e0e25f7f777b77fabd8e2cbf15737972869d852a22b7e73c17623928fccb826d8e46b9951501d3f20e51ad74ba8c59ed584f610526a48f8ccf88aaec402
  languageName: node
  linkType: hard

"mime-db@npm:1.52.0":
  version: 1.52.0
  resolution: "mime-db@npm:1.52.0"
  checksum: 0d99a03585f8b39d68182803b12ac601d9c01abfa28ec56204fa330bc9f3d1c5e14beb049bafadb3dbdf646dfb94b87e24d4ec7b31b7279ef906a8ea9b6a513f
  languageName: node
  linkType: hard

"mime-types@npm:~2.1.34":
  version: 2.1.35
  resolution: "mime-types@npm:2.1.35"
  dependencies:
    mime-db: 1.52.0
  checksum: 89a5b7f1def9f3af5dad6496c5ed50191ae4331cc5389d7c521c8ad28d5fdad2d06fd81baf38fed813dc4e46bb55c8145bb0ff406330818c9cf712fb2e9b3836
  languageName: node
  linkType: hard

"ms@npm:2.1.2":
  version: 2.1.2
  resolution: "ms@npm:2.1.2"
  checksum: 673cdb2c3133eb050c745908d8ce632ed2c02d85640e2edb3ace856a2266a813b30c613569bf3354fdf4ea7d1a1494add3bfa95e2713baa27d0c2c71fc44f58f
  languageName: node
  linkType: hard

"negotiator@npm:0.6.3":
  version: 0.6.3
  resolution: "negotiator@npm:0.6.3"
  checksum: b8ffeb1e262eff7968fc90a2b6767b04cfd9842582a9d0ece0af7049537266e7b2506dfb1d107a32f06dd849ab2aea834d5830f7f4d0e5cb7d36e1ae55d021d9
  languageName: node
  linkType: hard

"object-assign@npm:^4":
  version: 4.1.1
  resolution: "object-assign@npm:4.1.1"
  checksum: fcc6e4ea8c7fe48abfbb552578b1c53e0d194086e2e6bbbf59e0a536381a292f39943c6e9628af05b5528aa5e3318bb30d6b2e53cadaf5b8fe9e12c4b69af23f
  languageName: node
  linkType: hard

"rxjs@npm:^7.5.5":
  version: 7.5.5
  resolution: "rxjs@npm:7.5.5"
  dependencies:
    tslib: ^2.1.0
  checksum: e034f60805210cce756dd2f49664a8108780b117cf5d0e2281506e9e6387f7b4f1532d974a8c8b09314fa7a16dd2f6cff3462072a5789672b5dcb45c4173f3c6
  languageName: node
  linkType: hard

"socket.io-adapter@npm:~2.3.3":
  version: 2.3.3
  resolution: "socket.io-adapter@npm:2.3.3"
  checksum: 73890e0a33e48a9e4be83e5fa2b8ea9728d2a35ae2fed373cad4d6744c6512c0e1c735e7820df9821e58c4738dc355bdaec5aae30bc56f4d6a41d999596d0c82
  languageName: node
  linkType: hard

"socket.io-parser@npm:~4.0.4":
  version: 4.0.4
  resolution: "socket.io-parser@npm:4.0.4"
  dependencies:
    "@types/component-emitter": ^1.2.10
    component-emitter: ~1.3.0
    debug: ~4.3.1
  checksum: c173b4f3747c51e2af802eca35212f4dcfa8fe55d7fdc07b9a01da1ecc956791c1bf6591e307952548eab69e6500bcfe27cea8aff1386b860d9bb51f98e4fafb
  languageName: node
  linkType: hard

"socket.io@npm:^4.4.1":
  version: 4.4.1
  resolution: "socket.io@npm:4.4.1"
  dependencies:
    accepts: ~1.3.4
    base64id: ~2.0.0
    debug: ~4.3.2
    engine.io: ~6.1.0
    socket.io-adapter: ~2.3.3
    socket.io-parser: ~4.0.4
  checksum: a559ae52359f1ca3ce5a347368cf985c72259e1ab1bf2bf769ca0add5db34e2a86f4e183a58f37f32676ec482c71fedb7b08d873dc31cf581f5ba0797a8382fe
  languageName: node
  linkType: hard

"traffic-server@workspace:.":
  version: 0.0.0-use.local
  resolution: "traffic-server@workspace:."
  dependencies:
    "@tsconfig/node14": ^1.0.1
    "@types/node": ^17.0.24
    keypress: ^0.2.1
    rxjs: ^7.5.5
    socket.io: ^4.4.1
    ts-node: ^10.7.0
    typescript: ^4.6.3
  languageName: unknown
  linkType: soft

"ts-node@npm:^10.7.0":
  version: 10.7.0
  resolution: "ts-node@npm:10.7.0"
  dependencies:
    "@cspotcode/source-map-support": 0.7.0
    "@tsconfig/node10": ^1.0.7
    "@tsconfig/node12": ^1.0.7
    "@tsconfig/node14": ^1.0.0
    "@tsconfig/node16": ^1.0.2
    acorn: ^8.4.1
    acorn-walk: ^8.1.1
    arg: ^4.1.0
    create-require: ^1.1.0
    diff: ^4.0.1
    make-error: ^1.1.1
    v8-compile-cache-lib: ^3.0.0
    yn: 3.1.1
  peerDependencies:
    "@swc/core": ">=1.2.50"
    "@swc/wasm": ">=1.2.50"
    "@types/node": "*"
    typescript: ">=2.7"
  peerDependenciesMeta:
    "@swc/core":
      optional: true
    "@swc/wasm":
      optional: true
  bin:
    ts-node: dist/bin.js
    ts-node-cwd: dist/bin-cwd.js
    ts-node-esm: dist/bin-esm.js
    ts-node-script: dist/bin-script.js
    ts-node-transpile-only: dist/bin-transpile.js
    ts-script: dist/bin-script-deprecated.js
  checksum: 2a379e43f7478d0b79e1e63af91fe222d83857727957df4bd3bdf3c0a884de5097b12feb9bbf530074526b8874c0338b0e6328cf334f3a5e2c49c71e837273f7
  languageName: node
  linkType: hard

"tslib@npm:^2.1.0":
  version: 2.4.0
  resolution: "tslib@npm:2.4.0"
  checksum: 8c4aa6a3c5a754bf76aefc38026134180c053b7bd2f81338cb5e5ebf96fefa0f417bff221592bf801077f5bf990562f6264fecbc42cd3309b33872cb6fc3b113
  languageName: node
  linkType: hard

"typescript@npm:^4.6.3":
  version: 4.6.3
  resolution: "typescript@npm:4.6.3"
  bin:
    tsc: bin/tsc
    tsserver: bin/tsserver
  checksum: 255bb26c8cb846ca689dd1c3a56587af4f69055907aa2c154796ea28ee0dea871535b1c78f85a6212c77f2657843a269c3a742d09d81495b97b914bf7920415b
  languageName: node
  linkType: hard

"typescript@patch:typescript@^4.6.3#~builtin<compat/typescript>":
  version: 4.6.3
  resolution: "typescript@patch:typescript@npm%3A4.6.3#~builtin<compat/typescript>::version=4.6.3&hash=bda367"
  bin:
    tsc: bin/tsc
    tsserver: bin/tsserver
  checksum: 6bf45caf847062420592e711bc9c28bf5f9a9a7fa8245343b81493e4ededae33f1774009d1234d911422d1646a2c839f44e1a23ecb111b40a60ac2ea4c1482a8
  languageName: node
  linkType: hard

"v8-compile-cache-lib@npm:^3.0.0":
  version: 3.0.0
  resolution: "v8-compile-cache-lib@npm:3.0.0"
  checksum: 674e312bbca796584b61dc915f33c7e7dc4e06d196e0048cb772c8964493a1ec723f1dd014d9419fd55c24a6eae148f60769da23f622e05cd13268063fa1ed6b
  languageName: node
  linkType: hard

"vary@npm:^1":
  version: 1.1.2
  resolution: "vary@npm:1.1.2"
  checksum: ae0123222c6df65b437669d63dfa8c36cee20a504101b2fcd97b8bf76f91259c17f9f2b4d70a1e3c6bbcee7f51b28392833adb6b2770b23b01abec84e369660b
  languageName: node
  linkType: hard

"ws@npm:~8.2.3":
  version: 8.2.3
  resolution: "ws@npm:8.2.3"
  peerDependencies:
    bufferutil: ^4.0.1
    utf-8-validate: ^5.0.2
  peerDependenciesMeta:
    bufferutil:
      optional: true
    utf-8-validate:
      optional: true
  checksum: c869296ccb45f218ac6d32f8f614cd85b50a21fd434caf11646008eef92173be53490810c5c23aea31bc527902261fbfd7b062197eea341b26128d4be56a85e4
  languageName: node
  linkType: hard

"yn@npm:3.1.1":
  version: 3.1.1
  resolution: "yn@npm:3.1.1"
  checksum: 2c487b0e149e746ef48cda9f8bad10fc83693cd69d7f9dcd8be4214e985de33a29c9e24f3c0d6bcf2288427040a8947406ab27f7af67ee9456e6b84854f02dd6
  languageName: node
  linkType: hard
